
Microsoft Visual Studio Solution File, Format Version 12.00
# Visual Studio Version 17
VisualStudioVersion = 17.5.002.0
MinimumVisualStudioVersion = 10.0.40219.1
Project("{2150E333-8FDC-42A3-9474-1A3956D46DE8}") = "Labfiles", "Labfiles", "{F90380C6-50B8-4C61-A7A5-DAD54859A579}"
EndProject
Project("{2150E333-8FDC-42A3-9474-1A3956D46DE8}") = "01-analyze-images", "01-analyze-images", "{38EAD461-5956-4E0E-96E1-CD05479972C3}"
EndProject
Project("{2150E333-8FDC-42A3-9474-1A3956D46DE8}") = "C-Sharp", "C-Sharp", "{0F902F8D-358B-49CE-812D-495C197EEBF0}"
EndProject
Project("{9A19103F-16F7-4668-BE54-9A1E7A4F7556}") = "image-analysis", "Labfiles\01-analyze-images\C-Sharp\image-analysis\image-analysis.csproj", "{890D43FF-15C8-4526-9900-9D82A0800287}"
EndProject
Project("{2150E333-8FDC-42A3-9474-1A3956D46DE8}") = "03-object-detection", "03-object-detection", "{F8B2437A-5CC7-4B57-B5A8-671A0FA2E7A9}"
EndProject
Project("{2150E333-8FDC-42A3-9474-1A3956D46DE8}") = "C-Sharp", "C-Sharp", "{0A8CF7B7-924C-4B18-B595-FB9B3DB90C22}"
EndProject
Project("{9A19103F-16F7-4668-BE54-9A1E7A4F7556}") = "test-detector", "Labfiles\03-object-detection\C-Sharp\test-detector\test-detector.csproj", "{538299B9-C305-42F6-8DD3-A7A5146550DA}"
EndProject
Project("{9A19103F-16F7-4668-BE54-9A1E7A4F7556}") = "train-detector", "Labfiles\03-object-detection\C-Sharp\train-detector\train-detector.csproj", "{98E18107-1AF6-4ACE-8BDD-B56B3C6C69B3}"
EndProject
Project("{2150E333-8FDC-42A3-9474-1A3956D46DE8}") = "04-face", "04-face", "{E6F145EE-54F3-4A2E-91B7-9DC41718AB59}"
EndProject
Project("{2150E333-8FDC-42A3-9474-1A3956D46DE8}") = "C-Sharp", "C-Sharp", "{BDF2C49F-E80F-41E5-9DB5-144189B73D83}"
EndProject
Project("{9A19103F-16F7-4668-BE54-9A1E7A4F7556}") = "detect-people", "Labfiles\04-face\C-Sharp\computer-vision\detect-people.csproj", "{42847B06-0DBC-4E04-A633-479B216513B8}"
EndProject
Project("{9A19103F-16F7-4668-BE54-9A1E7A4F7556}") = "analyze-faces", "Labfiles\04-face\C-Sharp\face-api\analyze-faces.csproj", "{AEE4C120-DC55-4559-9E88-D2216E095784}"
EndProject
Project("{2150E333-8FDC-42A3-9474-1A3956D46DE8}") = "05-ocr", "05-ocr", "{D705326C-91AD-435B-BD9F-8C998AABF66B}"
EndProject
Project("{2150E333-8FDC-42A3-9474-1A3956D46DE8}") = "C-Sharp", "C-Sharp", "{39990BA5-44E9-4E33-BAF0-07C92CA4FB48}"
EndProject
Project("{9A19103F-16F7-4668-BE54-9A1E7A4F7556}") = "read-text", "Labfiles\05-ocr\C-Sharp\read-text\read-text.csproj", "{39C502C5-CB3E-4121-BC7B-F26439D8659E}"
EndProject
Project("{2150E333-8FDC-42A3-9474-1A3956D46DE8}") = "07-custom-vision-image-classification", "07-custom-vision-image-classification", "{694647E8-71A7-4E97-AE83-CB91191CEE28}"
EndProject
Project("{2150E333-8FDC-42A3-9474-1A3956D46DE8}") = "C-Sharp", "C-Sharp", "{AB7E2E4E-7F67-48D7-A650-5A8FEB09C8EA}"
EndProject
Project("{9A19103F-16F7-4668-BE54-9A1E7A4F7556}") = "test-classifier", "Labfiles\07-custom-vision-image-classification\C-Sharp\test-classifier\test-classifier.csproj", "{1225F527-6D50-4F1E-B870-A5E38B05141E}"
EndProject
Project("{9A19103F-16F7-4668-BE54-9A1E7A4F7556}") = "train-classifier", "Labfiles\07-custom-vision-image-classification\C-Sharp\train-classifier\train-classifier.csproj", "{04215D87-44A3-415F-B902-195658F1E6CD}"
EndProject
Global
	GlobalSection(SolutionConfigurationPlatforms) = preSolution
		Debug|Any CPU = Debug|Any CPU
		Release|Any CPU = Release|Any CPU
	EndGlobalSection
	GlobalSection(ProjectConfigurationPlatforms) = postSolution
		{890D43FF-15C8-4526-9900-9D82A0800287}.Debug|Any CPU.ActiveCfg = Debug|Any CPU
		{890D43FF-15C8-4526-9900-9D82A0800287}.Debug|Any CPU.Build.0 = Debug|Any CPU
		{890D43FF-15C8-4526-9900-9D82A0800287}.Release|Any CPU.ActiveCfg = Release|Any CPU
		{890D43FF-15C8-4526-9900-9D82A0800287}.Release|Any CPU.Build.0 = Release|Any CPU
		{538299B9-C305-42F6-8DD3-A7A5146550DA}.Debug|Any CPU.ActiveCfg = Debug|Any CPU
		{538299B9-C305-42F6-8DD3-A7A5146550DA}.Debug|Any CPU.Build.0 = Debug|Any CPU
		{538299B9-C305-42F6-8DD3-A7A5146550DA}.Release|Any CPU.ActiveCfg = Release|Any CPU
		{538299B9-C305-42F6-8DD3-A7A5146550DA}.Release|Any CPU.Build.0 = Release|Any CPU
		{98E18107-1AF6-4ACE-8BDD-B56B3C6C69B3}.Debug|Any CPU.ActiveCfg = Debug|Any CPU
		{98E18107-1AF6-4ACE-8BDD-B56B3C6C69B3}.Debug|Any CPU.Build.0 = Debug|Any CPU
		{98E18107-1AF6-4ACE-8BDD-B56B3C6C69B3}.Release|Any CPU.ActiveCfg = Release|Any CPU
		{98E18107-1AF6-4ACE-8BDD-B56B3C6C69B3}.Release|Any CPU.Build.0 = Release|Any CPU
		{42847B06-0DBC-4E04-A633-479B216513B8}.Debug|Any CPU.ActiveCfg = Debug|Any CPU
		{42847B06-0DBC-4E04-A633-479B216513B8}.Debug|Any CPU.Build.0 = Debug|Any CPU
		{42847B06-0DBC-4E04-A633-479B216513B8}.Release|Any CPU.ActiveCfg = Release|Any CPU
		{42847B06-0DBC-4E04-A633-479B216513B8}.Release|Any CPU.Build.0 = Release|Any CPU
		{AEE4C120-DC55-4559-9E88-D2216E095784}.Debug|Any CPU.ActiveCfg = Debug|Any CPU
		{AEE4C120-DC55-4559-9E88-D2216E095784}.Debug|Any CPU.Build.0 = Debug|Any CPU
		{AEE4C120-DC55-4559-9E88-D2216E095784}.Release|Any CPU.ActiveCfg = Release|Any CPU
		{AEE4C120-DC55-4559-9E88-D2216E095784}.Release|Any CPU.Build.0 = Release|Any CPU
		{39C502C5-CB3E-4121-BC7B-F26439D8659E}.Debug|Any CPU.ActiveCfg = Debug|Any CPU
		{39C502C5-CB3E-4121-BC7B-F26439D8659E}.Debug|Any CPU.Build.0 = Debug|Any CPU
		{39C502C5-CB3E-4121-BC7B-F26439D8659E}.Release|Any CPU.ActiveCfg = Release|Any CPU
		{39C502C5-CB3E-4121-BC7B-F26439D8659E}.Release|Any CPU.Build.0 = Release|Any CPU
		{1225F527-6D50-4F1E-B870-A5E38B05141E}.Debug|Any CPU.ActiveCfg = Debug|Any CPU
		{1225F527-6D50-4F1E-B870-A5E38B05141E}.Debug|Any CPU.Build.0 = Debug|Any CPU
		{1225F527-6D50-4F1E-B870-A5E38B05141E}.Release|Any CPU.ActiveCfg = Release|Any CPU
		{1225F527-6D50-4F1E-B870-A5E38B05141E}.Release|Any CPU.Build.0 = Release|Any CPU
		{04215D87-44A3-415F-B902-195658F1E6CD}.Debug|Any CPU.ActiveCfg = Debug|Any CPU
		{04215D87-44A3-415F-B902-195658F1E6CD}.Debug|Any CPU.Build.0 = Debug|Any CPU
		{04215D87-44A3-415F-B902-195658F1E6CD}.Release|Any CPU.ActiveCfg = Release|Any CPU
		{04215D87-44A3-415F-B902-195658F1E6CD}.Release|Any CPU.Build.0 = Release|Any CPU
	EndGlobalSection
	GlobalSection(SolutionProperties) = preSolution
		HideSolutionNode = FALSE
	EndGlobalSection
	GlobalSection(NestedProjects) = preSolution
		{38EAD461-5956-4E0E-96E1-CD05479972C3} = {F90380C6-50B8-4C61-A7A5-DAD54859A579}
		{0F902F8D-358B-49CE-812D-495C197EEBF0} = {38EAD461-5956-4E0E-96E1-CD05479972C3}
		{890D43FF-15C8-4526-9900-9D82A0800287} = {0F902F8D-358B-49CE-812D-495C197EEBF0}
		{F8B2437A-5CC7-4B57-B5A8-671A0FA2E7A9} = {F90380C6-50B8-4C61-A7A5-DAD54859A579}
		{0A8CF7B7-924C-4B18-B595-FB9B3DB90C22} = {F8B2437A-5CC7-4B57-B5A8-671A0FA2E7A9}
		{538299B9-C305-42F6-8DD3-A7A5146550DA} = {0A8CF7B7-924C-4B18-B595-FB9B3DB90C22}
		{98E18107-1AF6-4ACE-8BDD-B56B3C6C69B3} = {0A8CF7B7-924C-4B18-B595-FB9B3DB90C22}
		{E6F145EE-54F3-4A2E-91B7-9DC41718AB59} = {F90380C6-50B8-4C61-A7A5-DAD54859A579}
		{BDF2C49F-E80F-41E5-9DB5-144189B73D83} = {E6F145EE-54F3-4A2E-91B7-9DC41718AB59}
		{42847B06-0DBC-4E04-A633-479B216513B8} = {BDF2C49F-E80F-41E5-9DB5-144189B73D83}
		{AEE4C120-DC55-4559-9E88-D2216E095784} = {BDF2C49F-E80F-41E5-9DB5-144189B73D83}
		{D705326C-91AD-435B-BD9F-8C998AABF66B} = {F90380C6-50B8-4C61-A7A5-DAD54859A579}
		{39990BA5-44E9-4E33-BAF0-07C92CA4FB48} = {D705326C-91AD-435B-BD9F-8C998AABF66B}
		{39C502C5-CB3E-4121-BC7B-F26439D8659E} = {39990BA5-44E9-4E33-BAF0-07C92CA4FB48}
		{694647E8-71A7-4E97-AE83-CB91191CEE28} = {F90380C6-50B8-4C61-A7A5-DAD54859A579}
		{AB7E2E4E-7F67-48D7-A650-5A8FEB09C8EA} = {694647E8-71A7-4E97-AE83-CB91191CEE28}
		{1225F527-6D50-4F1E-B870-A5E38B05141E} = {AB7E2E4E-7F67-48D7-A650-5A8FEB09C8EA}
		{04215D87-44A3-415F-B902-195658F1E6CD} = {AB7E2E4E-7F67-48D7-A650-5A8FEB09C8EA}
	EndGlobalSection
	GlobalSection(ExtensibilityGlobals) = postSolution
		SolutionGuid = {962D6C78-C3F6-4E60-B83A-1FC9E4FC5D5E}
	EndGlobalSection
EndGlobal
